
Microsoft Visual Studio Solution File, Format Version 12.00
# Visual Studio Version 16
VisualStudioVersion = 16.0.28803.156
MinimumVisualStudioVersion = 10.0.40219.1
Project("{FAE04EC0-301F-11D3-BF4B-00C04F79EFBC}") = "Proxies.ConsoleApp", "Proxies.ConsoleApp\Proxies.ConsoleApp.csproj", "{53F1C05A-B993-46DB-BE0A-CDFC890F25ED}"
EndProject
Project("{FAE04EC0-301F-11D3-BF4B-00C04F79EFBC}") = "Proxies.Utils", "Proxies.Utils\Proxies.Utils.csproj", "{CF430E4E-FE80-4561-8228-01BACB3D7649}"
EndProject
Project("{FAE04EC0-301F-11D3-BF4B-00C04F79EFBC}") = "Proxies.Api", "Proxies.Api\Proxies.Api.csproj", "{3A9B0C20-C11F-4BF4-A517-84FC0EA71EDE}"
EndProject
Global
	GlobalSection(SolutionConfigurationPlatforms) = preSolution
		Debug|Any CPU = Debug|Any CPU
		Release|Any CPU = Release|Any CPU
	EndGlobalSection
	GlobalSection(ProjectConfigurationPlatforms) = postSolution
		{53F1C05A-B993-46DB-BE0A-CDFC890F25ED}.Debug|Any CPU.ActiveCfg = Debug|Any CPU
		{53F1C05A-B993-46DB-BE0A-CDFC890F25ED}.Debug|Any CPU.Build.0 = Debug|Any CPU
		{53F1C05A-B993-46DB-BE0A-CDFC890F25ED}.Release|Any CPU.ActiveCfg = Release|Any CPU
		{53F1C05A-B993-46DB-BE0A-CDFC890F25ED}.Release|Any CPU.Build.0 = Release|Any CPU
		{CF430E4E-FE80-4561-8228-01BACB3D7649}.Debug|Any CPU.ActiveCfg = Debug|Any CPU
		{CF430E4E-FE80-4561-8228-01BACB3D7649}.Debug|Any CPU.Build.0 = Debug|Any CPU
		{CF430E4E-FE80-4561-8228-01BACB3D7649}.Release|Any CPU.ActiveCfg = Release|Any CPU
		{CF430E4E-FE80-4561-8228-01BACB3D7649}.Release|Any CPU.Build.0 = Release|Any CPU
		{3A9B0C20-C11F-4BF4-A517-84FC0EA71EDE}.Debug|Any CPU.ActiveCfg = Debug|Any CPU
		{3A9B0C20-C11F-4BF4-A517-84FC0EA71EDE}.Debug|Any CPU.Build.0 = Debug|Any CPU
		{3A9B0C20-C11F-4BF4-A517-84FC0EA71EDE}.Release|Any CPU.ActiveCfg = Release|Any CPU
		{3A9B0C20-C11F-4BF4-A517-84FC0EA71EDE}.Release|Any CPU.Build.0 = Release|Any CPU
	EndGlobalSection
	GlobalSection(SolutionProperties) = preSolution
		HideSolutionNode = FALSE
	EndGlobalSection
	GlobalSection(ExtensibilityGlobals) = postSolution
		SolutionGuid = {EB5335E2-CCE6-41A9-8E63-9839418C6809}
	EndGlobalSection
EndGlobal
